// !$*UTF8*$!
{
	archiveVersion = 1;
	classes = {
	};
	objectVersion = 51;
	objects = {

/* Begin PBXBuildFile section */
		08037C2E2814F401008E9C97 /* UIButton+Extension.swift in Sources */ = {isa = PBXBuildFile; fileRef = 08037C2D2814F400008E9C97 /* UIButton+Extension.swift */; };
		08037C302814F41A008E9C97 /* UIImage+Extension.swift in Sources */ = {isa = PBXBuildFile; fileRef = 08037C2F2814F41A008E9C97 /* UIImage+Extension.swift */; };
		08037C322814F43F008E9C97 /* Double+Extension.swift in Sources */ = {isa = PBXBuildFile; fileRef = 08037C312814F43F008E9C97 /* Double+Extension.swift */; };
		08037C352814F592008E9C97 /* Colors.swift in Sources */ = {isa = PBXBuildFile; fileRef = 08037C342814F592008E9C97 /* Colors.swift */; };
		08037C372815010B008E9C97 /* String+Extension.swift in Sources */ = {isa = PBXBuildFile; fileRef = 08037C362815010B008E9C97 /* String+Extension.swift */; };
		08037C3A281614EA008E9C97 /* CustomTipViewController.swift in Sources */ = {isa = PBXBuildFile; fileRef = 08037C38281614E9008E9C97 /* CustomTipViewController.swift */; };
		08037C3B281614EA008E9C97 /* CustomTipViewController.xib in Resources */ = {isa = PBXBuildFile; fileRef = 08037C39281614E9008E9C97 /* CustomTipViewController.xib */; };
		085DB5622810AF7800345F9F /* TipCalculatorViewController.swift in Sources */ = {isa = PBXBuildFile; fileRef = 085DB5602810AF7800345F9F /* TipCalculatorViewController.swift */; };
		085DB5632810AF7800345F9F /* TipCalculatorViewController.xib in Resources */ = {isa = PBXBuildFile; fileRef = 085DB5612810AF7800345F9F /* TipCalculatorViewController.xib */; };
		085DB56B2811FFC700345F9F /* UIViewController+Extension.swift in Sources */ = {isa = PBXBuildFile; fileRef = 085DB56A2811FFC600345F9F /* UIViewController+Extension.swift */; };
		085DB570281209EE00345F9F /* Playball.ttf in Resources */ = {isa = PBXBuildFile; fileRef = 085DB56F281209EE00345F9F /* Playball.ttf */; };
		085DB57228120A1600345F9F /* NunitoSans-SemiBoldItalic.ttf in Resources */ = {isa = PBXBuildFile; fileRef = 085DB57128120A1600345F9F /* NunitoSans-SemiBoldItalic.ttf */; };
		085DB5742812448200345F9F /* UITextFields+Extension.swift in Sources */ = {isa = PBXBuildFile; fileRef = 085DB5732812448200345F9F /* UITextFields+Extension.swift */; };
		085DB5762812462300345F9F /* CustomTextField.swift in Sources */ = {isa = PBXBuildFile; fileRef = 085DB5752812462300345F9F /* CustomTextField.swift */; };
		085DB5782812519600345F9F /* CustomButton.swift in Sources */ = {isa = PBXBuildFile; fileRef = 085DB5772812519600345F9F /* CustomButton.swift */; };
		085DB57A2812558800345F9F /* Colors.xcassets in Resources */ = {isa = PBXBuildFile; fileRef = 085DB5792812558800345F9F /* Colors.xcassets */; };
		085DB57C28128BC100345F9F /* CustomSlider.swift in Sources */ = {isa = PBXBuildFile; fileRef = 085DB57B28128BC100345F9F /* CustomSlider.swift */; };
		085DB57E28129F5800345F9F /* UIView+Extension.swift in Sources */ = {isa = PBXBuildFile; fileRef = 085DB57D28129F5700345F9F /* UIView+Extension.swift */; };
		087619F82132493E00D47836 /* AppDelegate.swift in Sources */ = {isa = PBXBuildFile; fileRef = 087619F72132493E00D47836 /* AppDelegate.swift */; };
		087619FA2132493E00D47836 /* ViewController.swift in Sources */ = {isa = PBXBuildFile; fileRef = 087619F92132493E00D47836 /* ViewController.swift */; };
		087619FD2132493E00D47836 /* Main.storyboard in Resources */ = {isa = PBXBuildFile; fileRef = 087619FB2132493E00D47836 /* Main.storyboard */; };
		087619FF2132494000D47836 /* Assets.xcassets in Resources */ = {isa = PBXBuildFile; fileRef = 087619FE2132494000D47836 /* Assets.xcassets */; };
		08761A0D2132494000D47836 /* TipCalculatorTests.swift in Sources */ = {isa = PBXBuildFile; fileRef = 08761A0C2132494000D47836 /* TipCalculatorTests.swift */; };
		08761A182132494000D47836 /* TipCalculatorUITests.swift in Sources */ = {isa = PBXBuildFile; fileRef = 08761A172132494000D47836 /* TipCalculatorUITests.swift */; };
		089DEE562270B95E00F9160B /* LaunchScreen.storyboard in Resources */ = {isa = PBXBuildFile; fileRef = 089DEE552270B95E00F9160B /* LaunchScreen.storyboard */; };
		18FC6FFE12CD6847E9938FE6 /* Pods_TipCalculator.framework in Frameworks */ = {isa = PBXBuildFile; fileRef = 15028338D984AA954B4EF264 /* Pods_TipCalculator.framework */; };
		8F291B42A51444D890FFB549 /* Pods_TipCalculatorTests.framework in Frameworks */ = {isa = PBXBuildFile; fileRef = EFD69FA724D26ED1A1628A89 /* Pods_TipCalculatorTests.framework */; };
		B606C44F4AAB0D64AEA98D59 /* Pods_TipCalculatorUITests.framework in Frameworks */ = {isa = PBXBuildFile; fileRef = 91C61000BF3C9AF68E576BE4 /* Pods_TipCalculatorUITests.framework */; };
/* End PBXBuildFile section */

/* Begin PBXContainerItemProxy section */
		08761A092132494000D47836 /* PBXContainerItemProxy */ = {
			isa = PBXContainerItemProxy;
			containerPortal = 087619EC2132493E00D47836 /* Project object */;
			proxyType = 1;
			remoteGlobalIDString = 087619F32132493E00D47836;
			remoteInfo = TipCalculator;
		};
		08761A142132494000D47836 /* PBXContainerItemProxy */ = {
			isa = PBXContainerItemProxy;
			containerPortal = 087619EC2132493E00D47836 /* Project object */;
			proxyType = 1;
			remoteGlobalIDString = 087619F32132493E00D47836;
			remoteInfo = TipCalculator;
		};
/* End PBXContainerItemProxy section */

/* Begin PBXFileReference section */
		08037C2D2814F400008E9C97 /* UIButton+Extension.swift */ = {isa = PBXFileReference; lastKnownFileType = sourcecode.swift; path = "UIButton+Extension.swift"; sourceTree = "<group>"; };
		08037C2F2814F41A008E9C97 /* UIImage+Extension.swift */ = {isa = PBXFileReference; lastKnownFileType = sourcecode.swift; path = "UIImage+Extension.swift"; sourceTree = "<group>"; };
		08037C312814F43F008E9C97 /* Double+Extension.swift */ = {isa = PBXFileReference; lastKnownFileType = sourcecode.swift; path = "Double+Extension.swift"; sourceTree = "<group>"; };
		08037C342814F592008E9C97 /* Colors.swift */ = {isa = PBXFileReference; lastKnownFileType = sourcecode.swift; path = Colors.swift; sourceTree = "<group>"; };
		08037C362815010B008E9C97 /* String+Extension.swift */ = {isa = PBXFileReference; lastKnownFileType = sourcecode.swift; path = "String+Extension.swift"; sourceTree = "<group>"; };
		08037C38281614E9008E9C97 /* CustomTipViewController.swift */ = {isa = PBXFileReference; lastKnownFileType = sourcecode.swift; path = CustomTipViewController.swift; sourceTree = "<group>"; };
		08037C39281614E9008E9C97 /* CustomTipViewController.xib */ = {isa = PBXFileReference; lastKnownFileType = file.xib; path = CustomTipViewController.xib; sourceTree = "<group>"; };
		085DB5602810AF7800345F9F /* TipCalculatorViewController.swift */ = {isa = PBXFileReference; lastKnownFileType = sourcecode.swift; path = TipCalculatorViewController.swift; sourceTree = "<group>"; };
		085DB5612810AF7800345F9F /* TipCalculatorViewController.xib */ = {isa = PBXFileReference; lastKnownFileType = file.xib; path = TipCalculatorViewController.xib; sourceTree = "<group>"; };
		085DB56A2811FFC600345F9F /* UIViewController+Extension.swift */ = {isa = PBXFileReference; lastKnownFileType = sourcecode.swift; path = "UIViewController+Extension.swift"; sourceTree = "<group>"; };
		085DB56F281209EE00345F9F /* Playball.ttf */ = {isa = PBXFileReference; lastKnownFileType = file; path = Playball.ttf; sourceTree = "<group>"; };
		085DB57128120A1600345F9F /* NunitoSans-SemiBoldItalic.ttf */ = {isa = PBXFileReference; lastKnownFileType = file; path = "NunitoSans-SemiBoldItalic.ttf"; sourceTree = "<group>"; };
		085DB5732812448200345F9F /* UITextFields+Extension.swift */ = {isa = PBXFileReference; lastKnownFileType = sourcecode.swift; path = "UITextFields+Extension.swift"; sourceTree = "<group>"; };
		085DB5752812462300345F9F /* CustomTextField.swift */ = {isa = PBXFileReference; lastKnownFileType = sourcecode.swift; path = CustomTextField.swift; sourceTree = "<group>"; };
		085DB5772812519600345F9F /* CustomButton.swift */ = {isa = PBXFileReference; lastKnownFileType = sourcecode.swift; path = CustomButton.swift; sourceTree = "<group>"; };
		085DB5792812558800345F9F /* Colors.xcassets */ = {isa = PBXFileReference; lastKnownFileType = folder.assetcatalog; path = Colors.xcassets; sourceTree = "<group>"; };
		085DB57B28128BC100345F9F /* CustomSlider.swift */ = {isa = PBXFileReference; lastKnownFileType = sourcecode.swift; path = CustomSlider.swift; sourceTree = "<group>"; };
		085DB57D28129F5700345F9F /* UIView+Extension.swift */ = {isa = PBXFileReference; lastKnownFileType = sourcecode.swift; path = "UIView+Extension.swift"; sourceTree = "<group>"; };
		087619F42132493E00D47836 /* TipCalculator.app */ = {isa = PBXFileReference; explicitFileType = wrapper.application; includeInIndex = 0; path = TipCalculator.app; sourceTree = BUILT_PRODUCTS_DIR; };
		087619F72132493E00D47836 /* AppDelegate.swift */ = {isa = PBXFileReference; lastKnownFileType = sourcecode.swift; path = AppDelegate.swift; sourceTree = "<group>"; };
		087619F92132493E00D47836 /* ViewController.swift */ = {isa = PBXFileReference; lastKnownFileType = sourcecode.swift; path = ViewController.swift; sourceTree = "<group>"; };
		087619FC2132493E00D47836 /* Base */ = {isa = PBXFileReference; lastKnownFileType = file.storyboard; name = Base; path = Base.lproj/Main.storyboard; sourceTree = "<group>"; };
		087619FE2132494000D47836 /* Assets.xcassets */ = {isa = PBXFileReference; lastKnownFileType = folder.assetcatalog; path = Assets.xcassets; sourceTree = "<group>"; };
		08761A032132494000D47836 /* Info.plist */ = {isa = PBXFileReference; lastKnownFileType = text.plist.xml; path = Info.plist; sourceTree = "<group>"; };
		08761A082132494000D47836 /* TipCalculatorTests.xctest */ = {isa = PBXFileReference; explicitFileType = wrapper.cfbundle; includeInIndex = 0; path = TipCalculatorTests.xctest; sourceTree = BUILT_PRODUCTS_DIR; };
		08761A0C2132494000D47836 /* TipCalculatorTests.swift */ = {isa = PBXFileReference; lastKnownFileType = sourcecode.swift; path = TipCalculatorTests.swift; sourceTree = "<group>"; };
		08761A0E2132494000D47836 /* Info.plist */ = {isa = PBXFileReference; lastKnownFileType = text.plist.xml; path = Info.plist; sourceTree = "<group>"; };
		08761A132132494000D47836 /* TipCalculatorUITests.xctest */ = {isa = PBXFileReference; explicitFileType = wrapper.cfbundle; includeInIndex = 0; path = TipCalculatorUITests.xctest; sourceTree = BUILT_PRODUCTS_DIR; };
		08761A172132494000D47836 /* TipCalculatorUITests.swift */ = {isa = PBXFileReference; lastKnownFileType = sourcecode.swift; path = TipCalculatorUITests.swift; sourceTree = "<group>"; };
		08761A192132494000D47836 /* Info.plist */ = {isa = PBXFileReference; lastKnownFileType = text.plist.xml; path = Info.plist; sourceTree = "<group>"; };
		089DEE552270B95E00F9160B /* LaunchScreen.storyboard */ = {isa = PBXFileReference; lastKnownFileType = file.storyboard; path = LaunchScreen.storyboard; sourceTree = "<group>"; };
		15028338D984AA954B4EF264 /* Pods_TipCalculator.framework */ = {isa = PBXFileReference; explicitFileType = wrapper.framework; includeInIndex = 0; path = Pods_TipCalculator.framework; sourceTree = BUILT_PRODUCTS_DIR; };
		18E6BD53FDD79E445061600D /* Pods-TipCalculatorUITests.debug.xcconfig */ = {isa = PBXFileReference; includeInIndex = 1; lastKnownFileType = text.xcconfig; name = "Pods-TipCalculatorUITests.debug.xcconfig"; path = "Target Support Files/Pods-TipCalculatorUITests/Pods-TipCalculatorUITests.debug.xcconfig"; sourceTree = "<group>"; };
		27100CF1B51DF471A3661D24 /* Pods-TipCalculator.release.xcconfig */ = {isa = PBXFileReference; includeInIndex = 1; lastKnownFileType = text.xcconfig; name = "Pods-TipCalculator.release.xcconfig"; path = "Target Support Files/Pods-TipCalculator/Pods-TipCalculator.release.xcconfig"; sourceTree = "<group>"; };
		4834593C6CF1032FE5F13D8F /* Pods-TipCalculatorTests.debug.xcconfig */ = {isa = PBXFileReference; includeInIndex = 1; lastKnownFileType = text.xcconfig; name = "Pods-TipCalculatorTests.debug.xcconfig"; path = "Target Support Files/Pods-TipCalculatorTests/Pods-TipCalculatorTests.debug.xcconfig"; sourceTree = "<group>"; };
		4E00FF93D6D60F9DFABCECED /* Pods-TipCalculator.debug.xcconfig */ = {isa = PBXFileReference; includeInIndex = 1; lastKnownFileType = text.xcconfig; name = "Pods-TipCalculator.debug.xcconfig"; path = "Target Support Files/Pods-TipCalculator/Pods-TipCalculator.debug.xcconfig"; sourceTree = "<group>"; };
		8AD61BF42BB045C4EF3CD98A /* Pods-TipCalculatorTests.release.xcconfig */ = {isa = PBXFileReference; includeInIndex = 1; lastKnownFileType = text.xcconfig; name = "Pods-TipCalculatorTests.release.xcconfig"; path = "Target Support Files/Pods-TipCalculatorTests/Pods-TipCalculatorTests.release.xcconfig"; sourceTree = "<group>"; };
		91C61000BF3C9AF68E576BE4 /* Pods_TipCalculatorUITests.framework */ = {isa = PBXFileReference; explicitFileType = wrapper.framework; includeInIndex = 0; path = Pods_TipCalculatorUITests.framework; sourceTree = BUILT_PRODUCTS_DIR; };
		BD132E9C91B640C95E083EFC /* Pods-TipCalculatorUITests.release.xcconfig */ = {isa = PBXFileReference; includeInIndex = 1; lastKnownFileType = text.xcconfig; name = "Pods-TipCalculatorUITests.release.xcconfig"; path = "Target Support Files/Pods-TipCalculatorUITests/Pods-TipCalculatorUITests.release.xcconfig"; sourceTree = "<group>"; };
		EFD69FA724D26ED1A1628A89 /* Pods_TipCalculatorTests.framework */ = {isa = PBXFileReference; explicitFileType = wrapper.framework; includeInIndex = 0; path = Pods_TipCalculatorTests.framework; sourceTree = BUILT_PRODUCTS_DIR; };
/* End PBXFileReference section */

/* Begin PBXFrameworksBuildPhase section */
		087619F12132493E00D47836 /* Frameworks */ = {
			isa = PBXFrameworksBuildPhase;
			buildActionMask = 2147483647;
			files = (
				18FC6FFE12CD6847E9938FE6 /* Pods_TipCalculator.framework in Frameworks */,
			);
			runOnlyForDeploymentPostprocessing = 0;
		};
		08761A052132494000D47836 /* Frameworks */ = {
			isa = PBXFrameworksBuildPhase;
			buildActionMask = 2147483647;
			files = (
				8F291B42A51444D890FFB549 /* Pods_TipCalculatorTests.framework in Frameworks */,
			);
			runOnlyForDeploymentPostprocessing = 0;
		};
		08761A102132494000D47836 /* Frameworks */ = {
			isa = PBXFrameworksBuildPhase;
			buildActionMask = 2147483647;
			files = (
				B606C44F4AAB0D64AEA98D59 /* Pods_TipCalculatorUITests.framework in Frameworks */,
			);
			runOnlyForDeploymentPostprocessing = 0;
		};
/* End PBXFrameworksBuildPhase section */

/* Begin PBXGroup section */
		08037C332814F585008E9C97 /* Colors */ = {
			isa = PBXGroup;
			children = (
				08037C342814F592008E9C97 /* Colors.swift */,
			);
			path = Colors;
			sourceTree = "<group>";
		};
		08037C3C281614F3008E9C97 /* ViewControllers */ = {
			isa = PBXGroup;
			children = (
				085DB5602810AF7800345F9F /* TipCalculatorViewController.swift */,
				085DB5612810AF7800345F9F /* TipCalculatorViewController.xib */,
				08037C38281614E9008E9C97 /* CustomTipViewController.swift */,
				08037C39281614E9008E9C97 /* CustomTipViewController.xib */,
			);
			path = ViewControllers;
			sourceTree = "<group>";
		};
		08037C3D28161514008E9C97 /* Resources */ = {
			isa = PBXGroup;
			children = (
				08761A032132494000D47836 /* Info.plist */,
				087619FE2132494000D47836 /* Assets.xcassets */,
				085DB5792812558800345F9F /* Colors.xcassets */,
			);
			path = Resources;
			sourceTree = "<group>";
		};
		08037C3E28161550008E9C97 /* CustomItems */ = {
			isa = PBXGroup;
			children = (
				085DB5772812519600345F9F /* CustomButton.swift */,
				085DB57B28128BC100345F9F /* CustomSlider.swift */,
				085DB5752812462300345F9F /* CustomTextField.swift */,
				087619F92132493E00D47836 /* ViewController.swift */,
			);
			path = CustomItems;
			sourceTree = "<group>";
		};
		085DB5692811FFA700345F9F /* Extensions */ = {
			isa = PBXGroup;
			children = (
				08037C312814F43F008E9C97 /* Double+Extension.swift */,
				08037C362815010B008E9C97 /* String+Extension.swift */,
				08037C2D2814F400008E9C97 /* UIButton+Extension.swift */,
				08037C2F2814F41A008E9C97 /* UIImage+Extension.swift */,
				085DB5732812448200345F9F /* UITextFields+Extension.swift */,
				085DB57D28129F5700345F9F /* UIView+Extension.swift */,
				085DB56A2811FFC600345F9F /* UIViewController+Extension.swift */,
			);
			path = Extensions;
			sourceTree = "<group>";
		};
		085DB56C2812003300345F9F /* Fonts */ = {
			isa = PBXGroup;
			children = (
				085DB57128120A1600345F9F /* NunitoSans-SemiBoldItalic.ttf */,
				085DB56F281209EE00345F9F /* Playball.ttf */,
			);
			path = Fonts;
			sourceTree = "<group>";
		};
		087619EB2132493E00D47836 = {
			isa = PBXGroup;
			children = (
				087619F62132493E00D47836 /* TipCalculator */,
				08761A0B2132494000D47836 /* TipCalculatorTests */,
				08761A162132494000D47836 /* TipCalculatorUITests */,
				087619F52132493E00D47836 /* Products */,
				EE8C80EBCA18AF1E4F9364F5 /* Pods */,
				EFC69B7B61B35A81A1D32F5C /* Frameworks */,
			);
			sourceTree = "<group>";
		};
		087619F52132493E00D47836 /* Products */ = {
			isa = PBXGroup;
			children = (
				087619F42132493E00D47836 /* TipCalculator.app */,
				08761A082132494000D47836 /* TipCalculatorTests.xctest */,
				08761A132132494000D47836 /* TipCalculatorUITests.xctest */,
			);
			name = Products;
			sourceTree = "<group>";
		};
		087619F62132493E00D47836 /* TipCalculator */ = {
			isa = PBXGroup;
			children = (
				087619F72132493E00D47836 /* AppDelegate.swift */,
				089DEE552270B95E00F9160B /* LaunchScreen.storyboard */,
				087619FB2132493E00D47836 /* Main.storyboard */,
				08037C3C281614F3008E9C97 /* ViewControllers */,
				08037C3E28161550008E9C97 /* CustomItems */,
				085DB5692811FFA700345F9F /* Extensions */,
				08037C3D28161514008E9C97 /* Resources */,
				08037C332814F585008E9C97 /* Colors */,
				085DB56C2812003300345F9F /* Fonts */,
			);
			path = TipCalculator;
			sourceTree = "<group>";
		};
		08761A0B2132494000D47836 /* TipCalculatorTests */ = {
			isa = PBXGroup;
			children = (
				08761A0C2132494000D47836 /* TipCalculatorTests.swift */,
				08761A0E2132494000D47836 /* Info.plist */,
			);
			path = TipCalculatorTests;
			sourceTree = "<group>";
		};
		08761A162132494000D47836 /* TipCalculatorUITests */ = {
			isa = PBXGroup;
			children = (
				08761A172132494000D47836 /* TipCalculatorUITests.swift */,
				08761A192132494000D47836 /* Info.plist */,
			);
			path = TipCalculatorUITests;
			sourceTree = "<group>";
		};
		EE8C80EBCA18AF1E4F9364F5 /* Pods */ = {
			isa = PBXGroup;
			children = (
				4E00FF93D6D60F9DFABCECED /* Pods-TipCalculator.debug.xcconfig */,
				27100CF1B51DF471A3661D24 /* Pods-TipCalculator.release.xcconfig */,
				4834593C6CF1032FE5F13D8F /* Pods-TipCalculatorTests.debug.xcconfig */,
				8AD61BF42BB045C4EF3CD98A /* Pods-TipCalculatorTests.release.xcconfig */,
				18E6BD53FDD79E445061600D /* Pods-TipCalculatorUITests.debug.xcconfig */,
				BD132E9C91B640C95E083EFC /* Pods-TipCalculatorUITests.release.xcconfig */,
			);
			path = Pods;
			sourceTree = "<group>";
		};
		EFC69B7B61B35A81A1D32F5C /* Frameworks */ = {
			isa = PBXGroup;
			children = (
				15028338D984AA954B4EF264 /* Pods_TipCalculator.framework */,
				EFD69FA724D26ED1A1628A89 /* Pods_TipCalculatorTests.framework */,
				91C61000BF3C9AF68E576BE4 /* Pods_TipCalculatorUITests.framework */,
			);
			name = Frameworks;
			sourceTree = "<group>";
		};
/* End PBXGroup section */

/* Begin PBXNativeTarget section */
		087619F32132493E00D47836 /* TipCalculator */ = {
			isa = PBXNativeTarget;
			buildConfigurationList = 08761A1C2132494000D47836 /* Build configuration list for PBXNativeTarget "TipCalculator" */;
			buildPhases = (
				E77B4AC3B97323309D253AF7 /* [CP] Check Pods Manifest.lock */,
				087619F02132493E00D47836 /* Sources */,
				087619F12132493E00D47836 /* Frameworks */,
				087619F22132493E00D47836 /* Resources */,
				68250215CD61DF90C610B853 /* [CP] Embed Pods Frameworks */,
			);
			buildRules = (
			);
			dependencies = (
			);
			name = TipCalculator;
			productName = TipCalculator;
			productReference = 087619F42132493E00D47836 /* TipCalculator.app */;
			productType = "com.apple.product-type.application";
		};
		08761A072132494000D47836 /* TipCalculatorTests */ = {
			isa = PBXNativeTarget;
			buildConfigurationList = 08761A1F2132494000D47836 /* Build configuration list for PBXNativeTarget "TipCalculatorTests" */;
			buildPhases = (
				9C82B364331B5FC12643FDCA /* [CP] Check Pods Manifest.lock */,
				08761A042132494000D47836 /* Sources */,
				08761A052132494000D47836 /* Frameworks */,
				08761A062132494000D47836 /* Resources */,
			);
			buildRules = (
			);
			dependencies = (
				08761A0A2132494000D47836 /* PBXTargetDependency */,
			);
			name = TipCalculatorTests;
			productName = TipCalculatorTests;
			productReference = 08761A082132494000D47836 /* TipCalculatorTests.xctest */;
			productType = "com.apple.product-type.bundle.unit-test";
		};
		08761A122132494000D47836 /* TipCalculatorUITests */ = {
			isa = PBXNativeTarget;
			buildConfigurationList = 08761A222132494000D47836 /* Build configuration list for PBXNativeTarget "TipCalculatorUITests" */;
			buildPhases = (
				CC4CEB833E9107363CAC82BC /* [CP] Check Pods Manifest.lock */,
				08761A0F2132494000D47836 /* Sources */,
				08761A102132494000D47836 /* Frameworks */,
				08761A112132494000D47836 /* Resources */,
			);
			buildRules = (
			);
			dependencies = (
				08761A152132494000D47836 /* PBXTargetDependency */,
			);
			name = TipCalculatorUITests;
			productName = TipCalculatorUITests;
			productReference = 08761A132132494000D47836 /* TipCalculatorUITests.xctest */;
			productType = "com.apple.product-type.bundle.ui-testing";
		};
/* End PBXNativeTarget section */

/* Begin PBXProject section */
		087619EC2132493E00D47836 /* Project object */ = {
			isa = PBXProject;
			attributes = {
				LastSwiftUpdateCheck = 0940;
				LastUpgradeCheck = 1330;
				ORGANIZATIONNAME = "Pann Cherry";
				TargetAttributes = {
					087619F32132493E00D47836 = {
						CreatedOnToolsVersion = 9.4.1;
						LastSwiftMigration = 1020;
					};
					08761A072132494000D47836 = {
						CreatedOnToolsVersion = 9.4.1;
						LastSwiftMigration = 1020;
						TestTargetID = 087619F32132493E00D47836;
					};
					08761A122132494000D47836 = {
						CreatedOnToolsVersion = 9.4.1;
						LastSwiftMigration = 1020;
						TestTargetID = 087619F32132493E00D47836;
					};
				};
			};
			buildConfigurationList = 087619EF2132493E00D47836 /* Build configuration list for PBXProject "TipCalculator" */;
			compatibilityVersion = "Xcode 9.3";
			developmentRegion = en;
			hasScannedForEncodings = 0;
			knownRegions = (
				en,
				Base,
			);
			mainGroup = 087619EB2132493E00D47836;
			productRefGroup = 087619F52132493E00D47836 /* Products */;
			projectDirPath = "";
			projectRoot = "";
			targets = (
				087619F32132493E00D47836 /* TipCalculator */,
				08761A072132494000D47836 /* TipCalculatorTests */,
				08761A122132494000D47836 /* TipCalculatorUITests */,
			);
		};
/* End PBXProject section */

/* Begin PBXResourcesBuildPhase section */
		087619F22132493E00D47836 /* Resources */ = {
			isa = PBXResourcesBuildPhase;
			buildActionMask = 2147483647;
			files = (
				089DEE562270B95E00F9160B /* LaunchScreen.storyboard in Resources */,
				085DB570281209EE00345F9F /* Playball.ttf in Resources */,
				087619FF2132494000D47836 /* Assets.xcassets in Resources */,
				08037C3B281614EA008E9C97 /* CustomTipViewController.xib in Resources */,
				085DB5632810AF7800345F9F /* TipCalculatorViewController.xib in Resources */,
				087619FD2132493E00D47836 /* Main.storyboard in Resources */,
				085DB57228120A1600345F9F /* NunitoSans-SemiBoldItalic.ttf in Resources */,
				085DB57A2812558800345F9F /* Colors.xcassets in Resources */,
			);
			runOnlyForDeploymentPostprocessing = 0;
		};
		08761A062132494000D47836 /* Resources */ = {
			isa = PBXResourcesBuildPhase;
			buildActionMask = 2147483647;
			files = (
			);
			runOnlyForDeploymentPostprocessing = 0;
		};
		08761A112132494000D47836 /* Resources */ = {
			isa = PBXResourcesBuildPhase;
			buildActionMask = 2147483647;
			files = (
			);
			runOnlyForDeploymentPostprocessing = 0;
		};
/* End PBXResourcesBuildPhase section */

/* Begin PBXShellScriptBuildPhase section */
		68250215CD61DF90C610B853 /* [CP] Embed Pods Frameworks */ = {
			isa = PBXShellScriptBuildPhase;
			buildActionMask = 2147483647;
			files = (
			);
			inputFileListPaths = (
				"${PODS_ROOT}/Target Support Files/Pods-TipCalculator/Pods-TipCalculator-frameworks-${CONFIGURATION}-input-files.xcfilelist",
			);
			name = "[CP] Embed Pods Frameworks";
			outputFileListPaths = (
				"${PODS_ROOT}/Target Support Files/Pods-TipCalculator/Pods-TipCalculator-frameworks-${CONFIGURATION}-output-files.xcfilelist",
			);
			runOnlyForDeploymentPostprocessing = 0;
			shellPath = /bin/sh;
			shellScript = "\"${PODS_ROOT}/Target Support Files/Pods-TipCalculator/Pods-TipCalculator-frameworks.sh\"\n";
			showEnvVarsInLog = 0;
		};
		9C82B364331B5FC12643FDCA /* [CP] Check Pods Manifest.lock */ = {
			isa = PBXShellScriptBuildPhase;
			buildActionMask = 2147483647;
			files = (
			);
			inputFileListPaths = (
			);
			inputPaths = (
				"${PODS_PODFILE_DIR_PATH}/Podfile.lock",
				"${PODS_ROOT}/Manifest.lock",
			);
			name = "[CP] Check Pods Manifest.lock";
			outputFileListPaths = (
			);
			outputPaths = (
				"$(DERIVED_FILE_DIR)/Pods-TipCalculatorTests-checkManifestLockResult.txt",
			);
			runOnlyForDeploymentPostprocessing = 0;
			shellPath = /bin/sh;
			shellScript = "diff \"${PODS_PODFILE_DIR_PATH}/Podfile.lock\" \"${PODS_ROOT}/Manifest.lock\" > /dev/null\nif [ $? != 0 ] ; then\n    # print error to STDERR\n    echo \"error: The sandbox is not in sync with the Podfile.lock. Run 'pod install' or update your CocoaPods installation.\" >&2\n    exit 1\nfi\n# This output is used by Xcode 'outputs' to avoid re-running this script phase.\necho \"SUCCESS\" > \"${SCRIPT_OUTPUT_FILE_0}\"\n";
			showEnvVarsInLog = 0;
		};
		CC4CEB833E9107363CAC82BC /* [CP] Check Pods Manifest.lock */ = {
			isa = PBXShellScriptBuildPhase;
			buildActionMask = 2147483647;
			files = (
			);
			inputFileListPaths = (
			);
			inputPaths = (
				"${PODS_PODFILE_DIR_PATH}/Podfile.lock",
				"${PODS_ROOT}/Manifest.lock",
			);
			name = "[CP] Check Pods Manifest.lock";
			outputFileListPaths = (
			);
			outputPaths = (
				"$(DERIVED_FILE_DIR)/Pods-TipCalculatorUITests-checkManifestLockResult.txt",
			);
			runOnlyForDeploymentPostprocessing = 0;
			shellPath = /bin/sh;
			shellScript = "diff \"${PODS_PODFILE_DIR_PATH}/Podfile.lock\" \"${PODS_ROOT}/Manifest.lock\" > /dev/null\nif [ $? != 0 ] ; then\n    # print error to STDERR\n    echo \"error: The sandbox is not in sync with the Podfile.lock. Run 'pod install' or update your CocoaPods installation.\" >&2\n    exit 1\nfi\n# This output is used by Xcode 'outputs' to avoid re-running this script phase.\necho \"SUCCESS\" > \"${SCRIPT_OUTPUT_FILE_0}\"\n";
			showEnvVarsInLog = 0;
		};
		E77B4AC3B97323309D253AF7 /* [CP] Check Pods Manifest.lock */ = {
			isa = PBXShellScriptBuildPhase;
			buildActionMask = 2147483647;
			files = (
			);
			inputFileListPaths = (
			);
			inputPaths = (
				"${PODS_PODFILE_DIR_PATH}/Podfile.lock",
				"${PODS_ROOT}/Manifest.lock",
			);
			name = "[CP] Check Pods Manifest.lock";
			outputFileListPaths = (
			);
			outputPaths = (
				"$(DERIVED_FILE_DIR)/Pods-TipCalculator-checkManifestLockResult.txt",
			);
			runOnlyForDeploymentPostprocessing = 0;
			shellPath = /bin/sh;
			shellScript = "diff \"${PODS_PODFILE_DIR_PATH}/Podfile.lock\" \"${PODS_ROOT}/Manifest.lock\" > /dev/null\nif [ $? != 0 ] ; then\n    # print error to STDERR\n    echo \"error: The sandbox is not in sync with the Podfile.lock. Run 'pod install' or update your CocoaPods installation.\" >&2\n    exit 1\nfi\n# This output is used by Xcode 'outputs' to avoid re-running this script phase.\necho \"SUCCESS\" > \"${SCRIPT_OUTPUT_FILE_0}\"\n";
			showEnvVarsInLog = 0;
		};
/* End PBXShellScriptBuildPhase section */

/* Begin PBXSourcesBuildPhase section */
		087619F02132493E00D47836 /* Sources */ = {
			isa = PBXSourcesBuildPhase;
			buildActionMask = 2147483647;
			files = (
				085DB56B2811FFC700345F9F /* UIViewController+Extension.swift in Sources */,
				087619FA2132493E00D47836 /* ViewController.swift in Sources */,
				085DB5762812462300345F9F /* CustomTextField.swift in Sources */,
				08037C2E2814F401008E9C97 /* UIButton+Extension.swift in Sources */,
				085DB57E28129F5800345F9F /* UIView+Extension.swift in Sources */,
				085DB5622810AF7800345F9F /* TipCalculatorViewController.swift in Sources */,
				085DB57C28128BC100345F9F /* CustomSlider.swift in Sources */,
				08037C3A281614EA008E9C97 /* CustomTipViewController.swift in Sources */,
				085DB5782812519600345F9F /* CustomButton.swift in Sources */,
				08037C372815010B008E9C97 /* String+Extension.swift in Sources */,
				08037C352814F592008E9C97 /* Colors.swift in Sources */,
				08037C322814F43F008E9C97 /* Double+Extension.swift in Sources */,
				085DB5742812448200345F9F /* UITextFields+Extension.swift in Sources */,
				08037C302814F41A008E9C97 /* UIImage+Extension.swift in Sources */,
				087619F82132493E00D47836 /* AppDelegate.swift in Sources */,
			);
			runOnlyForDeploymentPostprocessing = 0;
		};
		08761A042132494000D47836 /* Sources */ = {
			isa = PBXSourcesBuildPhase;
			buildActionMask = 2147483647;
			files = (
				08761A0D2132494000D47836 /* TipCalculatorTests.swift in Sources */,
			);
			runOnlyForDeploymentPostprocessing = 0;
		};
		08761A0F2132494000D47836 /* Sources */ = {
			isa = PBXSourcesBuildPhase;
			buildActionMask = 2147483647;
			files = (
				08761A182132494000D47836 /* TipCalculatorUITests.swift in Sources */,
			);
			runOnlyForDeploymentPostprocessing = 0;
		};
/* End PBXSourcesBuildPhase section */

/* Begin PBXTargetDependency section */
		08761A0A2132494000D47836 /* PBXTargetDependency */ = {
			isa = PBXTargetDependency;
			target = 087619F32132493E00D47836 /* TipCalculator */;
			targetProxy = 08761A092132494000D47836 /* PBXContainerItemProxy */;
		};
		08761A152132494000D47836 /* PBXTargetDependency */ = {
			isa = PBXTargetDependency;
			target = 087619F32132493E00D47836 /* TipCalculator */;
			targetProxy = 08761A142132494000D47836 /* PBXContainerItemProxy */;
		};
/* End PBXTargetDependency section */

/* Begin PBXVariantGroup section */
		087619FB2132493E00D47836 /* Main.storyboard */ = {
			isa = PBXVariantGroup;
			children = (
				087619FC2132493E00D47836 /* Base */,
			);
			name = Main.storyboard;
			sourceTree = "<group>";
		};
/* End PBXVariantGroup section */

/* Begin XCBuildConfiguration section */
		08761A1A2132494000D47836 /* Debug */ = {
			isa = XCBuildConfiguration;
			buildSettings = {
				ALWAYS_SEARCH_USER_PATHS = NO;
				CLANG_ANALYZER_NONNULL = YES;
				CLANG_ANALYZER_NUMBER_OBJECT_CONVERSION = YES_AGGRESSIVE;
				CLANG_CXX_LANGUAGE_STANDARD = "gnu++14";
				CLANG_CXX_LIBRARY = "libc++";
				CLANG_ENABLE_MODULES = YES;
				CLANG_ENABLE_OBJC_ARC = YES;
				CLANG_ENABLE_OBJC_WEAK = YES;
				CLANG_WARN_BLOCK_CAPTURE_AUTORELEASING = YES;
				CLANG_WARN_BOOL_CONVERSION = YES;
				CLANG_WARN_COMMA = YES;
				CLANG_WARN_CONSTANT_CONVERSION = YES;
				CLANG_WARN_DEPRECATED_OBJC_IMPLEMENTATIONS = YES;
				CLANG_WARN_DIRECT_OBJC_ISA_USAGE = YES_ERROR;
				CLANG_WARN_DOCUMENTATION_COMMENTS = YES;
				CLANG_WARN_EMPTY_BODY = YES;
				CLANG_WARN_ENUM_CONVERSION = YES;
				CLANG_WARN_INFINITE_RECURSION = YES;
				CLANG_WARN_INT_CONVERSION = YES;
				CLANG_WARN_NON_LITERAL_NULL_CONVERSION = YES;
				CLANG_WARN_OBJC_IMPLICIT_RETAIN_SELF = YES;
				CLANG_WARN_OBJC_LITERAL_CONVERSION = YES;
				CLANG_WARN_OBJC_ROOT_CLASS = YES_ERROR;
				CLANG_WARN_QUOTED_INCLUDE_IN_FRAMEWORK_HEADER = YES;
				CLANG_WARN_RANGE_LOOP_ANALYSIS = YES;
				CLANG_WARN_STRICT_PROTOTYPES = YES;
				CLANG_WARN_SUSPICIOUS_MOVE = YES;
				CLANG_WARN_UNGUARDED_AVAILABILITY = YES_AGGRESSIVE;
				CLANG_WARN_UNREACHABLE_CODE = YES;
				CLANG_WARN__DUPLICATE_METHOD_MATCH = YES;
				CODE_SIGN_IDENTITY = "iPhone Developer";
				COPY_PHASE_STRIP = NO;
				DEBUG_INFORMATION_FORMAT = dwarf;
				ENABLE_STRICT_OBJC_MSGSEND = YES;
				ENABLE_TESTABILITY = YES;
				GCC_C_LANGUAGE_STANDARD = gnu11;
				GCC_DYNAMIC_NO_PIC = NO;
				GCC_NO_COMMON_BLOCKS = YES;
				GCC_OPTIMIZATION_LEVEL = 0;
				GCC_PREPROCESSOR_DEFINITIONS = (
					"DEBUG=1",
					"$(inherited)",
				);
				GCC_WARN_64_TO_32_BIT_CONVERSION = YES;
				GCC_WARN_ABOUT_RETURN_TYPE = YES_ERROR;
				GCC_WARN_UNDECLARED_SELECTOR = YES;
				GCC_WARN_UNINITIALIZED_AUTOS = YES_AGGRESSIVE;
				GCC_WARN_UNUSED_FUNCTION = YES;
				GCC_WARN_UNUSED_VARIABLE = YES;
				IPHONEOS_DEPLOYMENT_TARGET = 15.0;
				MTL_ENABLE_DEBUG_INFO = YES;
				ONLY_ACTIVE_ARCH = YES;
				SDKROOT = iphoneos;
				SWIFT_ACTIVE_COMPILATION_CONDITIONS = DEBUG;
				SWIFT_OPTIMIZATION_LEVEL = "-Onone";
			};
			name = Debug;
		};
		08761A1B2132494000D47836 /* Release */ = {
			isa = XCBuildConfiguration;
			buildSettings = {
				ALWAYS_SEARCH_USER_PATHS = NO;
				CLANG_ANALYZER_NONNULL = YES;
				CLANG_ANALYZER_NUMBER_OBJECT_CONVERSION = YES_AGGRESSIVE;
				CLANG_CXX_LANGUAGE_STANDARD = "gnu++14";
				CLANG_CXX_LIBRARY = "libc++";
				CLANG_ENABLE_MODULES = YES;
				CLANG_ENABLE_OBJC_ARC = YES;
				CLANG_ENABLE_OBJC_WEAK = YES;
				CLANG_WARN_BLOCK_CAPTURE_AUTORELEASING = YES;
				CLANG_WARN_BOOL_CONVERSION = YES;
				CLANG_WARN_COMMA = YES;
				CLANG_WARN_CONSTANT_CONVERSION = YES;
				CLANG_WARN_DEPRECATED_OBJC_IMPLEMENTATIONS = YES;
				CLANG_WARN_DIRECT_OBJC_ISA_USAGE = YES_ERROR;
				CLANG_WARN_DOCUMENTATION_COMMENTS = YES;
				CLANG_WARN_EMPTY_BODY = YES;
				CLANG_WARN_ENUM_CONVERSION = YES;
				CLANG_WARN_INFINITE_RECURSION = YES;
				CLANG_WARN_INT_CONVERSION = YES;
				CLANG_WARN_NON_LITERAL_NULL_CONVERSION = YES;
				CLANG_WARN_OBJC_IMPLICIT_RETAIN_SELF = YES;
				CLANG_WARN_OBJC_LITERAL_CONVERSION = YES;
				CLANG_WARN_OBJC_ROOT_CLASS = YES_ERROR;
				CLANG_WARN_QUOTED_INCLUDE_IN_FRAMEWORK_HEADER = YES;
				CLANG_WARN_RANGE_LOOP_ANALYSIS = YES;
				CLANG_WARN_STRICT_PROTOTYPES = YES;
				CLANG_WARN_SUSPICIOUS_MOVE = YES;
				CLANG_WARN_UNGUARDED_AVAILABILITY = YES_AGGRESSIVE;
				CLANG_WARN_UNREACHABLE_CODE = YES;
				CLANG_WARN__DUPLICATE_METHOD_MATCH = YES;
				CODE_SIGN_IDENTITY = "iPhone Developer";
				COPY_PHASE_STRIP = NO;
				DEBUG_INFORMATION_FORMAT = "dwarf-with-dsym";
				ENABLE_NS_ASSERTIONS = NO;
				ENABLE_STRICT_OBJC_MSGSEND = YES;
				GCC_C_LANGUAGE_STANDARD = gnu11;
				GCC_NO_COMMON_BLOCKS = YES;
				GCC_WARN_64_TO_32_BIT_CONVERSION = YES;
				GCC_WARN_ABOUT_RETURN_TYPE = YES_ERROR;
				GCC_WARN_UNDECLARED_SELECTOR = YES;
				GCC_WARN_UNINITIALIZED_AUTOS = YES_AGGRESSIVE;
				GCC_WARN_UNUSED_FUNCTION = YES;
				GCC_WARN_UNUSED_VARIABLE = YES;
				IPHONEOS_DEPLOYMENT_TARGET = 15.0;
				MTL_ENABLE_DEBUG_INFO = NO;
				SDKROOT = iphoneos;
				SWIFT_COMPILATION_MODE = wholemodule;
				SWIFT_OPTIMIZATION_LEVEL = "-O";
				VALIDATE_PRODUCT = YES;
			};
			name = Release;
		};
		08761A1D2132494000D47836 /* Debug */ = {
			isa = XCBuildConfiguration;
			baseConfigurationReference = 4E00FF93D6D60F9DFABCECED /* Pods-TipCalculator.debug.xcconfig */;
			buildSettings = {
				ASSETCATALOG_COMPILER_APPICON_NAME = AppIcon;
				CODE_SIGN_STYLE = Automatic;
				DEVELOPMENT_TEAM = 5D7WA4DHD4;
				INFOPLIST_FILE = TipCalculator/Resources/Info.plist;
				LD_RUNPATH_SEARCH_PATHS = (
					"$(inherited)",
					"@executable_path/Frameworks",
				);
				PRODUCT_BUNDLE_IDENTIFIER = RnR.TipCalculator;
				PRODUCT_NAME = "$(TARGET_NAME)";
				SWIFT_VERSION = 5.0;
				TARGETED_DEVICE_FAMILY = 1;
			};
			name = Debug;
		};
		08761A1E2132494000D47836 /* Release */ = {
			isa = XCBuildConfiguration;
			baseConfigurationReference = 27100CF1B51DF471A3661D24 /* Pods-TipCalculator.release.xcconfig */;
			buildSettings = {
				ASSETCATALOG_COMPILER_APPICON_NAME = AppIcon;
				CODE_SIGN_STYLE = Automatic;
				DEVELOPMENT_TEAM = 5D7WA4DHD4;
				INFOPLIST_FILE = TipCalculator/Resources/Info.plist;
				LD_RUNPATH_SEARCH_PATHS = (
					"$(inherited)",
					"@executable_path/Frameworks",
				);
				PRODUCT_BUNDLE_IDENTIFIER = RnR.TipCalculator;
				PRODUCT_NAME = "$(TARGET_NAME)";
				SWIFT_VERSION = 5.0;
				TARGETED_DEVICE_FAMILY = 1;
			};
			name = Release;
		};
		08761A202132494000D47836 /* Debug */ = {
			isa = XCBuildConfiguration;
			baseConfigurationReference = 4834593C6CF1032FE5F13D8F /* Pods-TipCalculatorTests.debug.xcconfig */;
			buildSettings = {
				ALWAYS_EMBED_SWIFT_STANDARD_LIBRARIES = YES;
				BUNDLE_LOADER = "$(TEST_HOST)";
				CODE_SIGN_STYLE = Automatic;
				DEVELOPMENT_TEAM = 5D7WA4DHD4;
				INFOPLIST_FILE = TipCalculatorTests/Info.plist;
				LD_RUNPATH_SEARCH_PATHS = (
					"$(inherited)",
					"@executable_path/Frameworks",
					"@loader_path/Frameworks",
				);
				PRODUCT_BUNDLE_IDENTIFIER = RnR.TipCalculatorTests;
				PRODUCT_NAME = "$(TARGET_NAME)";
				SWIFT_VERSION = 5.0;
				TARGETED_DEVICE_FAMILY = "1,2";
				TEST_HOST = "$(BUILT_PRODUCTS_DIR)/TipCalculator.app/TipCalculator";
			};
			name = Debug;
		};
		08761A212132494000D47836 /* Release */ = {
			isa = XCBuildConfiguration;
			baseConfigurationReference = 8AD61BF42BB045C4EF3CD98A /* Pods-TipCalculatorTests.release.xcconfig */;
			buildSettings = {
				ALWAYS_EMBED_SWIFT_STANDARD_LIBRARIES = YES;
				BUNDLE_LOADER = "$(TEST_HOST)";
				CODE_SIGN_STYLE = Automatic;
				DEVELOPMENT_TEAM = 5D7WA4DHD4;
				INFOPLIST_FILE = TipCalculatorTests/Info.plist;
				LD_RUNPATH_SEARCH_PATHS = (
					"$(inherited)",
					"@executable_path/Frameworks",
					"@loader_path/Frameworks",
				);
				PRODUCT_BUNDLE_IDENTIFIER = RnR.TipCalculatorTests;
				PRODUCT_NAME = "$(TARGET_NAME)";
				SWIFT_VERSION = 5.0;
				TARGETED_DEVICE_FAMILY = "1,2";
				TEST_HOST = "$(BUILT_PRODUCTS_DIR)/TipCalculator.app/TipCalculator";
			};
			name = Release;
		};
		08761A232132494000D47836 /* Debug */ = {
			isa = XCBuildConfiguration;
			baseConfigurationReference = 18E6BD53FDD79E445061600D /* Pods-TipCalculatorUITests.debug.xcconfig */;
			buildSettings = {
				ALWAYS_EMBED_SWIFT_STANDARD_LIBRARIES = YES;
				CODE_SIGN_STYLE = Automatic;
				DEVELOPMENT_TEAM = 5D7WA4DHD4;
				INFOPLIST_FILE = TipCalculatorUITests/Info.plist;
				LD_RUNPATH_SEARCH_PATHS = (
					"$(inherited)",
					"@executable_path/Frameworks",
					"@loader_path/Frameworks",
				);
				PRODUCT_BUNDLE_IDENTIFIER = RnR.TipCalculatorUITests;
				PRODUCT_NAME = "$(TARGET_NAME)";
				SWIFT_VERSION = 5.0;
				TARGETED_DEVICE_FAMILY = "1,2";
				TEST_TARGET_NAME = TipCalculator;
			};
			name = Debug;
		};
		08761A242132494000D47836 /* Release */ = {
			isa = XCBuildConfiguration;
			baseConfigurationReference = BD132E9C91B640C95E083EFC /* Pods-TipCalculatorUITests.release.xcconfig */;
			buildSettings = {
				ALWAYS_EMBED_SWIFT_STANDARD_LIBRARIES = YES;
				CODE_SIGN_STYLE = Automatic;
				DEVELOPMENT_TEAM = 5D7WA4DHD4;
				INFOPLIST_FILE = TipCalculatorUITests/Info.plist;
				LD_RUNPATH_SEARCH_PATHS = (
					"$(inherited)",
					"@executable_path/Frameworks",
					"@loader_path/Frameworks",
				);
				PRODUCT_BUNDLE_IDENTIFIER = RnR.TipCalculatorUITests;
				PRODUCT_NAME = "$(TARGET_NAME)";
				SWIFT_VERSION = 5.0;
				TARGETED_DEVICE_FAMILY = "1,2";
				TEST_TARGET_NAME = TipCalculator;
			};
			name = Release;
		};
/* End XCBuildConfiguration section */

/* Begin XCConfigurationList section */
		087619EF2132493E00D47836 /* Build configuration list for PBXProject "TipCalculator" */ = {
			isa = XCConfigurationList;
			buildConfigurations = (
				08761A1A2132494000D47836 /* Debug */,
				08761A1B2132494000D47836 /* Release */,
			);
			defaultConfigurationIsVisible = 0;
			defaultConfigurationName = Release;
		};
		08761A1C2132494000D47836 /* Build configuration list for PBXNativeTarget "TipCalculator" */ = {
			isa = XCConfigurationList;
			buildConfigurations = (
				08761A1D2132494000D47836 /* Debug */,
				08761A1E2132494000D47836 /* Release */,
			);
			defaultConfigurationIsVisible = 0;
			defaultConfigurationName = Release;
		};
		08761A1F2132494000D47836 /* Build configuration list for PBXNativeTarget "TipCalculatorTests" */ = {
			isa = XCConfigurationList;
			buildConfigurations = (
				08761A202132494000D47836 /* Debug */,
				08761A212132494000D47836 /* Release */,
			);
			defaultConfigurationIsVisible = 0;
			defaultConfigurationName = Release;
		};
		08761A222132494000D47836 /* Build configuration list for PBXNativeTarget "TipCalculatorUITests" */ = {
			isa = XCConfigurationList;
			buildConfigurations = (
				08761A232132494000D47836 /* Debug */,
				08761A242132494000D47836 /* Release */,
			);
			defaultConfigurationIsVisible = 0;
			defaultConfigurationName = Release;
		};
/* End XCConfigurationList section */
	};
	rootObject = 087619EC2132493E00D47836 /* Project object */;
}
